
Microsoft Visual Studio Solution File, Format Version 12.00
Project("{FAE04EC0-301F-11D3-BF4B-00C04F79EFBC}") = "UnitTests", "UnitTests\UnitTests.csproj", "{239FA856-8519-4FAE-9FD4-2573D45B6F3A}"
EndProject
Project("{FAE04EC0-301F-11D3-BF4B-00C04F79EFBC}") = "DotnetUnitTesting", "DotnetUnitTesting\DotnetUnitTesting.csproj", "{48FE0B15-8BDC-481D-AD68-F38F7077B8CD}"
EndProject
Global
	GlobalSection(SolutionConfigurationPlatforms) = preSolution
		Debug|Any CPU = Debug|Any CPU
		Release|Any CPU = Release|Any CPU
	EndGlobalSection
	GlobalSection(ProjectConfigurationPlatforms) = postSolution
		{239FA856-8519-4FAE-9FD4-2573D45B6F3A}.Debug|Any CPU.ActiveCfg = Debug|Any CPU
		{239FA856-8519-4FAE-9FD4-2573D45B6F3A}.Debug|Any CPU.Build.0 = Debug|Any CPU
		{239FA856-8519-4FAE-9FD4-2573D45B6F3A}.Release|Any CPU.ActiveCfg = Release|Any CPU
		{239FA856-8519-4FAE-9FD4-2573D45B6F3A}.Release|Any CPU.Build.0 = Release|Any CPU
		{48FE0B15-8BDC-481D-AD68-F38F7077B8CD}.Debug|Any CPU.ActiveCfg = Debug|Any CPU
		{48FE0B15-8BDC-481D-AD68-F38F7077B8CD}.Debug|Any CPU.Build.0 = Debug|Any CPU
		{48FE0B15-8BDC-481D-AD68-F38F7077B8CD}.Release|Any CPU.ActiveCfg = Release|Any CPU
		{48FE0B15-8BDC-481D-AD68-F38F7077B8CD}.Release|Any CPU.Build.0 = Release|Any CPU
	EndGlobalSection
	GlobalSection(NestedProjects) = preSolution
	EndGlobalSection
EndGlobal
