
Microsoft Visual Studio Solution File, Format Version 12.00
# Visual Studio Version 17
VisualStudioVersion = 17.9.34902.65
MinimumVisualStudioVersion = 10.0.40219.1
Project("{9A19103F-16F7-4668-BE54-9A1E7A4F7556}") = "TAF", "TAF\TAF.csproj", "{B1074C5E-844F-4C80-87E9-23F507BABFFD}"
EndProject
Global
	GlobalSection(SolutionConfigurationPlatforms) = preSolution
		Debug|Any CPU = Debug|Any CPU
		Release|Any CPU = Release|Any CPU
	EndGlobalSection
	GlobalSection(ProjectConfigurationPlatforms) = postSolution
		{B1074C5E-844F-4C80-87E9-23F507BABFFD}.Debug|Any CPU.ActiveCfg = Debug|Any CPU
		{B1074C5E-844F-4C80-87E9-23F507BABFFD}.Debug|Any CPU.Build.0 = Debug|Any CPU
		{B1074C5E-844F-4C80-87E9-23F507BABFFD}.Release|Any CPU.ActiveCfg = Release|Any CPU
		{B1074C5E-844F-4C80-87E9-23F507BABFFD}.Release|Any CPU.Build.0 = Release|Any CPU
	EndGlobalSection
	GlobalSection(SolutionProperties) = preSolution
		HideSolutionNode = FALSE
	EndGlobalSection
	GlobalSection(ExtensibilityGlobals) = postSolution
		SolutionGuid = {4BF6AFB6-02E5-47D8-8AFF-3E9B2C9C979D}
	EndGlobalSection
EndGlobal
